
Microsoft Visual Studio Solution File, Format Version 12.00
# Visual Studio Version 16
VisualStudioVersion = 16.0.30128.74
MinimumVisualStudioVersion = 10.0.40219.1
Project("{FAE04EC0-301F-11D3-BF4B-00C04F79EFBC}") = "Business Rule Execution Editor", "Business Rule Execution Editor\Business Rule Execution Editor.csproj", "{4D9DE10E-4529-4BB5-BFE6-01007DAA9D1A}"
EndProject
Global
	GlobalSection(SolutionConfigurationPlatforms) = preSolution
		Debug|Any CPU = Debug|Any CPU
		Release|Any CPU = Release|Any CPU
	EndGlobalSection
	GlobalSection(ProjectConfigurationPlatforms) = postSolution
		{4D9DE10E-4529-4BB5-BFE6-01007DAA9D1A}.Debug|Any CPU.ActiveCfg = Debug|Any CPU
		{4D9DE10E-4529-4BB5-BFE6-01007DAA9D1A}.Debug|Any CPU.Build.0 = Debug|Any CPU
		{4D9DE10E-4529-4BB5-BFE6-01007DAA9D1A}.Release|Any CPU.ActiveCfg = Release|Any CPU
		{4D9DE10E-4529-4BB5-BFE6-01007DAA9D1A}.Release|Any CPU.Build.0 = Release|Any CPU
	EndGlobalSection
	GlobalSection(SolutionProperties) = preSolution
		HideSolutionNode = FALSE
	EndGlobalSection
	GlobalSection(ExtensibilityGlobals) = postSolution
		SolutionGuid = {4FA34D22-869C-49BA-82CB-F303FA769B56}
	EndGlobalSection
EndGlobal
